
Microsoft Visual Studio Solution File, Format Version 12.00
# Visual Studio Version 16
VisualStudioVersion = 16.0.31729.503
MinimumVisualStudioVersion = 10.0.40219.1
Project("{FAE04EC0-301F-11D3-BF4B-00C04F79EFBC}") = "AdventOfCode2021", "AdventOfCode2021\AdventOfCode2021.csproj", "{083A98F2-A870-41BC-B1D5-CE83C030BA98}"
EndProject
Global
	GlobalSection(SolutionConfigurationPlatforms) = preSolution
		Debug|Any CPU = Debug|Any CPU
		Release|Any CPU = Release|Any CPU
	EndGlobalSection
	GlobalSection(ProjectConfigurationPlatforms) = postSolution
		{083A98F2-A870-41BC-B1D5-CE83C030BA98}.Debug|Any CPU.ActiveCfg = Debug|Any CPU
		{083A98F2-A870-41BC-B1D5-CE83C030BA98}.Debug|Any CPU.Build.0 = Debug|Any CPU
		{083A98F2-A870-41BC-B1D5-CE83C030BA98}.Release|Any CPU.ActiveCfg = Release|Any CPU
		{083A98F2-A870-41BC-B1D5-CE83C030BA98}.Release|Any CPU.Build.0 = Release|Any CPU
	EndGlobalSection
	GlobalSection(SolutionProperties) = preSolution
		HideSolutionNode = FALSE
	EndGlobalSection
	GlobalSection(ExtensibilityGlobals) = postSolution
		SolutionGuid = {E3ECAC8C-7C2D-4E60-B3B3-E65B18589E42}
	EndGlobalSection
EndGlobal
